
Microsoft Visual Studio Solution File, Format Version 12.00
# Visual Studio Version 16
VisualStudioVersion = 16.0.31005.135
MinimumVisualStudioVersion = 10.0.40219.1
Project("{FAE04EC0-301F-11D3-BF4B-00C04F79EFBC}") = "WebApplication3", "WebApplication3\WebApplication3.csproj", "{DA794D36-BCF6-4801-B3CA-D0A16F0D3835}"
EndProject
Global
	GlobalSection(SolutionConfigurationPlatforms) = preSolution
		Debug|Any CPU = Debug|Any CPU
		Release|Any CPU = Release|Any CPU
	EndGlobalSection
	GlobalSection(ProjectConfigurationPlatforms) = postSolution
		{DA794D36-BCF6-4801-B3CA-D0A16F0D3835}.Debug|Any CPU.ActiveCfg = Debug|Any CPU
		{DA794D36-BCF6-4801-B3CA-D0A16F0D3835}.Debug|Any CPU.Build.0 = Debug|Any CPU
		{DA794D36-BCF6-4801-B3CA-D0A16F0D3835}.Release|Any CPU.ActiveCfg = Release|Any CPU
		{DA794D36-BCF6-4801-B3CA-D0A16F0D3835}.Release|Any CPU.Build.0 = Release|Any CPU
	EndGlobalSection
	GlobalSection(SolutionProperties) = preSolution
		HideSolutionNode = FALSE
	EndGlobalSection
	GlobalSection(ExtensibilityGlobals) = postSolution
		SolutionGuid = {C08717A8-5492-433F-8365-C9E90BC12C56}
	EndGlobalSection
EndGlobal
